# Frozen topic nodes: <slug> <parent>. Edit only with the author's OK.
llm -
ai-agents llm
orchestration ai-agents
reasoning ai-agents
latent-reasoning reasoning
cot-faithfulness reasoning
domain-llms llm
math -
analysis math
calculus analysis
complex-analysis analysis
differential-equations analysis
algebra-foundations math
linear-algebra algebra-foundations
set-theory algebra-foundations
geometry-topology math
topology geometry-topology
probability-finance math
probability probability-finance
finance probability-finance
physics -
quantum-computing physics
reading -
books reading
papers reading
robotics-embodied -
vla robotics-embodied
reinforcement-learning -
offline-gcrl reinforcement-learning
open-endedness reinforcement-learning
conferences -
icml-2026 conferences
